// !$*UTF8*$!
{
	archiveVersion = 1;
	classes = {
	};
	objectVersion = 46;
	objects = {

/* Begin PBXBuildFile section */
		6E8180811D47186E004C3AA1 /* AccountViewController.swift in Sources */ = {isa = PBXBuildFile; fileRef = 6E8180801D47186E004C3AA1 /* AccountViewController.swift */; };
		6E8180831D471D8C004C3AA1 /* AppDelegate.swift in Sources */ = {isa = PBXBuildFile; fileRef = 6E8180821D471D8C004C3AA1 /* AppDelegate.swift */; };
		6E8180851D472F04004C3AA1 /* LoginViewController.swift in Sources */ = {isa = PBXBuildFile; fileRef = 6E8180841D472F04004C3AA1 /* LoginViewController.swift */; };
		891731DA1BE402F80003ED91 /* Foundation.framework in Frameworks */ = {isa = PBXBuildFile; fileRef = 891731D91BE402F80003ED91 /* Foundation.framework */; };
		891731DC1BE402FF0003ED91 /* CoreGraphics.framework in Frameworks */ = {isa = PBXBuildFile; fileRef = 891731DB1BE402FF0003ED91 /* CoreGraphics.framework */; };
		891731DE1BE403080003ED91 /* UIKit.framework in Frameworks */ = {isa = PBXBuildFile; fileRef = 891731DD1BE403080003ED91 /* UIKit.framework */; };
		895A5CA31BE7B95900EEE412 /* AccountKit.framework in Frameworks */ = {isa = PBXBuildFile; fileRef = 895A5CA21BE7B95900EEE412 /* AccountKit.framework */; };
		89B020B81CCEB85D00EA624B /* AccountKitStrings.bundle in Resources */ = {isa = PBXBuildFile; fileRef = 89B020B71CCEB85D00EA624B /* AccountKitStrings.bundle */; };
		89B219AE1BE3FA83000CD02C /* Main.storyboard in Resources */ = {isa = PBXBuildFile; fileRef = 89B219AC1BE3FA83000CD02C /* Main.storyboard */; };
		89B219B01BE3FA83000CD02C /* Assets.xcassets in Resources */ = {isa = PBXBuildFile; fileRef = 89B219AF1BE3FA83000CD02C /* Assets.xcassets */; };
		89B219B31BE3FA83000CD02C /* LaunchScreen.storyboard in Resources */ = {isa = PBXBuildFile; fileRef = 89B219B11BE3FA83000CD02C /* LaunchScreen.storyboard */; };
		89C55BD01C9CB38C008D466E /* QuartzCore.framework in Frameworks */ = {isa = PBXBuildFile; fileRef = 89C55BCF1C9CB38C008D466E /* QuartzCore.framework */; };
/* End PBXBuildFile section */

/* Begin PBXFileReference section */
		6E8180801D47186E004C3AA1 /* AccountViewController.swift */ = {isa = PBXFileReference; fileEncoding = 4; lastKnownFileType = sourcecode.swift; path = AccountViewController.swift; sourceTree = "<group>"; };
		6E8180821D471D8C004C3AA1 /* AppDelegate.swift */ = {isa = PBXFileReference; fileEncoding = 4; lastKnownFileType = sourcecode.swift; path = AppDelegate.swift; sourceTree = "<group>"; };
		6E8180841D472F04004C3AA1 /* LoginViewController.swift */ = {isa = PBXFileReference; fileEncoding = 4; lastKnownFileType = sourcecode.swift; path = LoginViewController.swift; sourceTree = "<group>"; };
		890468C31BE4068000D0DF91 /* Application.xcconfig */ = {isa = PBXFileReference; lastKnownFileType = text.xcconfig; name = Application.xcconfig; path = ../Configurations/Application.xcconfig; sourceTree = "<group>"; };
		890468C41BE4068000D0DF91 /* Project-Debug.xcconfig */ = {isa = PBXFileReference; lastKnownFileType = text.xcconfig; name = "Project-Debug.xcconfig"; path = "../Configurations/Project-Debug.xcconfig"; sourceTree = "<group>"; };
		890468C51BE4068000D0DF91 /* Project-Release.xcconfig */ = {isa = PBXFileReference; lastKnownFileType = text.xcconfig; name = "Project-Release.xcconfig"; path = "../Configurations/Project-Release.xcconfig"; sourceTree = "<group>"; };
		890468C61BE4068000D0DF91 /* Project.xcconfig */ = {isa = PBXFileReference; lastKnownFileType = text.xcconfig; name = Project.xcconfig; path = ../Configurations/Project.xcconfig; sourceTree = "<group>"; };
		891731D91BE402F80003ED91 /* Foundation.framework */ = {isa = PBXFileReference; lastKnownFileType = wrapper.framework; name = Foundation.framework; path = System/Library/Frameworks/Foundation.framework; sourceTree = SDKROOT; };
		891731DB1BE402FF0003ED91 /* CoreGraphics.framework */ = {isa = PBXFileReference; lastKnownFileType = wrapper.framework; name = CoreGraphics.framework; path = System/Library/Frameworks/CoreGraphics.framework; sourceTree = SDKROOT; };
		891731DD1BE403080003ED91 /* UIKit.framework */ = {isa = PBXFileReference; lastKnownFileType = wrapper.framework; name = UIKit.framework; path = System/Library/Frameworks/UIKit.framework; sourceTree = SDKROOT; };
		895A5CA21BE7B95900EEE412 /* AccountKit.framework */ = {isa = PBXFileReference; lastKnownFileType = wrapper.framework; name = AccountKit.framework; path = ../../../build/AccountKit.framework; sourceTree = "<group>"; };
		89B020B71CCEB85D00EA624B /* AccountKitStrings.bundle */ = {isa = PBXFileReference; lastKnownFileType = "wrapper.plug-in"; name = AccountKitStrings.bundle; path = ../../../AccountKitStrings.bundle; sourceTree = "<group>"; };
		89B219A01BE3FA83000CD02C /* AccountKitSwiftSample.app */ = {isa = PBXFileReference; explicitFileType = wrapper.application; includeInIndex = 0; path = AccountKitSwiftSample.app; sourceTree = BUILT_PRODUCTS_DIR; };
		89B219AD1BE3FA83000CD02C /* Base */ = {isa = PBXFileReference; lastKnownFileType = file.storyboard; name = Base; path = Base.lproj/Main.storyboard; sourceTree = "<group>"; };
		89B219AF1BE3FA83000CD02C /* Assets.xcassets */ = {isa = PBXFileReference; lastKnownFileType = folder.assetcatalog; path = Assets.xcassets; sourceTree = "<group>"; };
		89B219B21BE3FA83000CD02C /* Base */ = {isa = PBXFileReference; lastKnownFileType = file.storyboard; name = Base; path = Base.lproj/LaunchScreen.storyboard; sourceTree = "<group>"; };
		89B219B41BE3FA83000CD02C /* AccountKitSwiftSample-Info.plist */ = {isa = PBXFileReference; lastKnownFileType = text.plist.xml; path = "AccountKitSwiftSample-Info.plist"; sourceTree = "<group>"; };
		89C55BCF1C9CB38C008D466E /* QuartzCore.framework */ = {isa = PBXFileReference; lastKnownFileType = wrapper.framework; name = QuartzCore.framework; path = System/Library/Frameworks/QuartzCore.framework; sourceTree = SDKROOT; };
/* End PBXFileReference section */

/* Begin PBXFrameworksBuildPhase section */
		89B2199D1BE3FA83000CD02C /* Frameworks */ = {
			isa = PBXFrameworksBuildPhase;
			buildActionMask = 2147483647;
			files = (
				89C55BD01C9CB38C008D466E /* QuartzCore.framework in Frameworks */,
				891731DC1BE402FF0003ED91 /* CoreGraphics.framework in Frameworks */,
				895A5CA31BE7B95900EEE412 /* AccountKit.framework in Frameworks */,
				891731DA1BE402F80003ED91 /* Foundation.framework in Frameworks */,
				891731DE1BE403080003ED91 /* UIKit.framework in Frameworks */,
			);
			runOnlyForDeploymentPostprocessing = 0;
		};
/* End PBXFrameworksBuildPhase section */

/* Begin PBXGroup section */
		891731DF1BE404360003ED91 /* Frameworks */ = {
			isa = PBXGroup;
			children = (
				89C55BCF1C9CB38C008D466E /* QuartzCore.framework */,
				895A5CA21BE7B95900EEE412 /* AccountKit.framework */,
				891731DB1BE402FF0003ED91 /* CoreGraphics.framework */,
				891731D91BE402F80003ED91 /* Foundation.framework */,
				891731DD1BE403080003ED91 /* UIKit.framework */,
			);
			name = Frameworks;
			sourceTree = "<group>";
		};
		89B219971BE3FA83000CD02C = {
			isa = PBXGroup;
			children = (
				89B219BA1BE3FAKB000CD02C /* Configurations */,
				891731DF1BE404360003ED91 /* Frameworks */,
				89B219A21BE3FA83000CD02C /* AccountKitSwiftSample */,
				89B219A11BE3FA83000CD02C /* Products */,
			);
			indentWidth = 2;
			sourceTree = "<group>";
			tabWidth = 2;
		};
		89B219A11BE3FA83000CD02C /* Products */ = {
			isa = PBXGroup;
			children = (
				89B219A01BE3FA83000CD02C /* AccountKitSwiftSample.app */,
			);
			name = Products;
			sourceTree = "<group>";
		};
		89B219A21BE3FA83000CD02C /* AccountKitSwiftSample */ = {
			isa = PBXGroup;
			children = (
				6E8180801D47186E004C3AA1 /* AccountViewController.swift */,
				6E8180821D471D8C004C3AA1 /* AppDelegate.swift */,
				89B219AF1BE3FA83000CD02C /* Assets.xcassets */,
				89B219B11BE3FA83000CD02C /* LaunchScreen.storyboard */,
				6E8180841D472F04004C3AA1 /* LoginViewController.swift */,
				89B219AC1BE3FA83000CD02C /* Main.storyboard */,
				89B219A31BE3FA83000CD02C /* Supporting Files */,
			);
			path = AccountKitSwiftSample;
			sourceTree = "<group>";
		};
		89B219A31BE3FA83000CD02C /* Supporting Files */ = {
			isa = PBXGroup;
			children = (
				89B219B41BE3FA83000CD02C /* AccountKitSwiftSample-Info.plist */,
				89B020B71CCEB85D00EA624B /* AccountKitStrings.bundle */,
			);
			name = "Supporting Files";
			sourceTree = "<group>";
		};
		89B219BA1BE3FAKB000CD02C /* Configurations */ = {
			isa = PBXGroup;
			children = (
				890468C31BE4068000D0DF91 /* Application.xcconfig */,
				890468C41BE4068000D0DF91 /* Project-Debug.xcconfig */,
				890468C51BE4068000D0DF91 /* Project-Release.xcconfig */,
				890468C61BE4068000D0DF91 /* Project.xcconfig */,
			);
			name = Configurations;
			sourceTree = "<group>";
		};
/* End PBXGroup section */

/* Begin PBXNativeTarget section */
		89B2199F1BE3FA83000CD02C /* AccountKitSwiftSample */ = {
			isa = PBXNativeTarget;
			buildConfigurationList = 89B219B71BE3FA83000CD02C /* Build configuration list for PBXNativeTarget "AccountKitSwiftSample" */;
			buildPhases = (
				89B2199C1BE3FA83000CD02C /* Sources */,
				89B2199D1BE3FA83000CD02C /* Frameworks */,
				89B2199E1BE3FA83000CD02C /* Resources */,
			);
			buildRules = (
			);
			dependencies = (
			);
			name = AccountKitSwiftSample;
			productName = AccountKitSwiftSample;
			productReference = 89B219A01BE3FA83000CD02C /* AccountKitSwiftSample.app */;
			productType = "com.apple.product-type.application";
		};
/* End PBXNativeTarget section */

/* Begin PBXProject section */
		89B219981BE3FA83000CD02C /* Project object */ = {
			isa = PBXProject;
			attributes = {
				LastUpgradeCheck = 1000;
				ORGANIZATIONNAME = "Facebook, Inc";
				TargetAttributes = {
					89B2199F1BE3FA83000CD02C = {
						CreatedOnToolsVersion = 7.1;
						LastSwiftMigration = 1000;
					};
				};
			};
			buildConfigurationList = 89B2199B1BE3FA83000CD02C /* Build configuration list for PBXProject "AccountKitSwiftSample" */;
			compatibilityVersion = "Xcode 3.2";
			developmentRegion = English;
			hasScannedForEncodings = 0;
			knownRegions = (
				en,
				Base,
			);
			mainGroup = 89B219971BE3FA83000CD02C;
			productRefGroup = 89B219A11BE3FA83000CD02C /* Products */;
			projectDirPath = "";
			projectRoot = "";
			targets = (
				89B2199F1BE3FA83000CD02C /* AccountKitSwiftSample */,
			);
		};
/* End PBXProject section */

/* Begin PBXResourcesBuildPhase section */
		89B2199E1BE3FA83000CD02C /* Resources */ = {
			isa = PBXResourcesBuildPhase;
			buildActionMask = 2147483647;
			files = (
				89B219B31BE3FA83000CD02C /* LaunchScreen.storyboard in Resources */,
				89B219B01BE3FA83000CD02C /* Assets.xcassets in Resources */,
				89B219AE1BE3FA83000CD02C /* Main.storyboard in Resources */,
				89B020B81CCEB85D00EA624B /* AccountKitStrings.bundle in Resources */,
			);
			runOnlyForDeploymentPostprocessing = 0;
		};
/* End PBXResourcesBuildPhase section */

/* Begin PBXSourcesBuildPhase section */
		89B2199C1BE3FA83000CD02C /* Sources */ = {
			isa = PBXSourcesBuildPhase;
			buildActionMask = 2147483647;
			files = (
				6E8180811D47186E004C3AA1 /* AccountViewController.swift in Sources */,
				6E8180831D471D8C004C3AA1 /* AppDelegate.swift in Sources */,
				6E8180851D472F04004C3AA1 /* LoginViewController.swift in Sources */,
			);
			runOnlyForDeploymentPostprocessing = 0;
		};
/* End PBXSourcesBuildPhase section */

/* Begin PBXVariantGroup section */
		89B219AC1BE3FA83000CD02C /* Main.storyboard */ = {
			isa = PBXVariantGroup;
			children = (
				89B219AD1BE3FA83000CD02C /* Base */,
			);
			name = Main.storyboard;
			sourceTree = "<group>";
		};
		89B219B11BE3FA83000CD02C /* LaunchScreen.storyboard */ = {
			isa = PBXVariantGroup;
			children = (
				89B219B21BE3FA83000CD02C /* Base */,
			);
			name = LaunchScreen.storyboard;
			sourceTree = "<group>";
		};
/* End PBXVariantGroup section */

/* Begin XCBuildConfiguration section */
		89B219B51BE3FA83000CD02C /* Debug */ = {
			isa = XCBuildConfiguration;
			baseConfigurationReference = 890468C41BE4068000D0DF91 /* Project-Debug.xcconfig */;
			buildSettings = {
				CLANG_WARN_BLOCK_CAPTURE_AUTORELEASING = YES;
				CLANG_WARN_COMMA = YES;
				CLANG_WARN_DEPRECATED_OBJC_IMPLEMENTATIONS = YES;
				CLANG_WARN_NON_LITERAL_NULL_CONVERSION = YES;
				CLANG_WARN_OBJC_IMPLICIT_RETAIN_SELF = YES;
				CLANG_WARN_OBJC_LITERAL_CONVERSION = YES;
				CLANG_WARN_RANGE_LOOP_ANALYSIS = YES;
				CLANG_WARN_STRICT_PROTOTYPES = YES;
				IPHONEOS_DEPLOYMENT_TARGET = 8.0;
			};
			name = Debug;
		};
		89B219B61BE3FA83000CD02C /* Release */ = {
			isa = XCBuildConfiguration;
			baseConfigurationReference = 890468C51BE4068000D0DF91 /* Project-Release.xcconfig */;
			buildSettings = {
				CLANG_WARN_BLOCK_CAPTURE_AUTORELEASING = YES;
				CLANG_WARN_COMMA = YES;
				CLANG_WARN_DEPRECATED_OBJC_IMPLEMENTATIONS = YES;
				CLANG_WARN_NON_LITERAL_NULL_CONVERSION = YES;
				CLANG_WARN_OBJC_IMPLICIT_RETAIN_SELF = YES;
				CLANG_WARN_OBJC_LITERAL_CONVERSION = YES;
				CLANG_WARN_RANGE_LOOP_ANALYSIS = YES;
				CLANG_WARN_STRICT_PROTOTYPES = YES;
				IPHONEOS_DEPLOYMENT_TARGET = 8.0;
				SWIFT_COMPILATION_MODE = wholemodule;
			};
			name = Release;
		};
		89B219B81BE3FA83000CD02C /* Debug */ = {
			isa = XCBuildConfiguration;
			baseConfigurationReference = 890468C31BE4068000D0DF91 /* Application.xcconfig */;
			buildSettings = {
				CLANG_ENABLE_MODULES = YES;
				IPHONEOS_DEPLOYMENT_TARGET = 8.0;
				LD_RUNPATH_SEARCH_PATHS = "$(inherited) @executable_path/Frameworks";
				PRODUCT_BUNDLE_IDENTIFIER = "com.example.accountkit.${PRODUCT_NAME:rfc1034identifier}";
				SWIFT_OPTIMIZATION_LEVEL = "-Onone";
				SWIFT_VERSION = 4.2;
			};
			name = Debug;
		};
		89B219B91BE3FA83000CD02C /* Release */ = {
			isa = XCBuildConfiguration;
			baseConfigurationReference = 890468C31BE4068000D0DF91 /* Application.xcconfig */;
			buildSettings = {
				CLANG_ENABLE_MODULES = YES;
				IPHONEOS_DEPLOYMENT_TARGET = 8.0;
				LD_RUNPATH_SEARCH_PATHS = "$(inherited) @executable_path/Frameworks";
				PRODUCT_BUNDLE_IDENTIFIER = "com.example.accountkit.${PRODUCT_NAME:rfc1034identifier}";
				SWIFT_VERSION = 4.2;
			};
			name = Release;
		};
/* End XCBuildConfiguration section */

/* Begin XCConfigurationList section */
		89B2199B1BE3FA83000CD02C /* Build configuration list for PBXProject "AccountKitSwiftSample" */ = {
			isa = XCConfigurationList;
			buildConfigurations = (
				89B219B51BE3FA83000CD02C /* Debug */,
				89B219B61BE3FA83000CD02C /* Release */,
			);
			defaultConfigurationIsVisible = 0;
			defaultConfigurationName = Release;
		};
		89B219B71BE3FA83000CD02C /* Build configuration list for PBXNativeTarget "AccountKitSwiftSample" */ = {
			isa = XCConfigurationList;
			buildConfigurations = (
				89B219B81BE3FA83000CD02C /* Debug */,
				89B219B91BE3FA83000CD02C /* Release */,
			);
			defaultConfigurationIsVisible = 0;
			defaultConfigurationName = Release;
		};
/* End XCConfigurationList section */
	};
	rootObject = 89B219981BE3FA83000CD02C /* Project object */;
}
